
Microsoft Visual Studio Solution File, Format Version 12.00
# Visual Studio Version 17
VisualStudioVersion = 17.2.32526.322
MinimumVisualStudioVersion = 10.0.40219.1
Project("{FAE04EC0-301F-11D3-BF4B-00C04F79EFBC}") = "MyFirstProgram", "MyFirstProgram\MyFirstProgram.csproj", "{76D24C52-4B29-400C-9C83-663C347A98DC}"
EndProject
Global
	GlobalSection(SolutionConfigurationPlatforms) = preSolution
		Debug|Any CPU = Debug|Any CPU
		Release|Any CPU = Release|Any CPU
	EndGlobalSection
	GlobalSection(ProjectConfigurationPlatforms) = postSolution
		{76D24C52-4B29-400C-9C83-663C347A98DC}.Debug|Any CPU.ActiveCfg = Debug|Any CPU
		{76D24C52-4B29-400C-9C83-663C347A98DC}.Debug|Any CPU.Build.0 = Debug|Any CPU
		{76D24C52-4B29-400C-9C83-663C347A98DC}.Release|Any CPU.ActiveCfg = Release|Any CPU
		{76D24C52-4B29-400C-9C83-663C347A98DC}.Release|Any CPU.Build.0 = Release|Any CPU
	EndGlobalSection
	GlobalSection(SolutionProperties) = preSolution
		HideSolutionNode = FALSE
	EndGlobalSection
	GlobalSection(ExtensibilityGlobals) = postSolution
		SolutionGuid = {18491C13-71DE-4E17-8FFE-324565FA4B50}
	EndGlobalSection
EndGlobal
